
Microsoft Visual Studio Solution File, Format Version 12.00
# Visual Studio Version 17
VisualStudioVersion = 17.14.36127.28 d17.14
MinimumVisualStudioVersion = 10.0.40219.1
Project("{FAE04EC0-301F-11D3-BF4B-00C04F79EFBC}") = "FirstUnique", "FirstUnique\FirstUnique.csproj", "{A8DB48CF-A1B3-47CF-9D03-279667C0D3C2}"
EndProject
Project("{FAE04EC0-301F-11D3-BF4B-00C04F79EFBC}") = "FirstUniqueTests", "FirstUnique.Tests\FirstUniqueTests.csproj", "{47355411-603F-4800-8600-373A20B606D1}"
EndProject
Global
	GlobalSection(SolutionConfigurationPlatforms) = preSolution
		Debug|Any CPU = Debug|Any CPU
		Release|Any CPU = Release|Any CPU
	EndGlobalSection
	GlobalSection(ProjectConfigurationPlatforms) = postSolution
		{A8DB48CF-A1B3-47CF-9D03-279667C0D3C2}.Debug|Any CPU.ActiveCfg = Debug|Any CPU
		{A8DB48CF-A1B3-47CF-9D03-279667C0D3C2}.Debug|Any CPU.Build.0 = Debug|Any CPU
		{A8DB48CF-A1B3-47CF-9D03-279667C0D3C2}.Release|Any CPU.ActiveCfg = Release|Any CPU
		{A8DB48CF-A1B3-47CF-9D03-279667C0D3C2}.Release|Any CPU.Build.0 = Release|Any CPU
		{47355411-603F-4800-8600-373A20B606D1}.Debug|Any CPU.ActiveCfg = Debug|Any CPU
		{47355411-603F-4800-8600-373A20B606D1}.Debug|Any CPU.Build.0 = Debug|Any CPU
		{47355411-603F-4800-8600-373A20B606D1}.Release|Any CPU.ActiveCfg = Release|Any CPU
		{47355411-603F-4800-8600-373A20B606D1}.Release|Any CPU.Build.0 = Release|Any CPU
	EndGlobalSection
	GlobalSection(SolutionProperties) = preSolution
		HideSolutionNode = FALSE
	EndGlobalSection
	GlobalSection(ExtensibilityGlobals) = postSolution
		SolutionGuid = {B8F92C38-12B4-44E2-AF80-2BA4C80D94C2}
	EndGlobalSection
EndGlobal
